
Microsoft Visual Studio Solution File, Format Version 12.00
# Visual Studio Version 17
VisualStudioVersion = 17.0.31903.59
MinimumVisualStudioVersion = 10.0.40219.1
Project("{FAE04EC0-301F-11D3-BF4B-00C04F79EFBC}") = "API", "API\API.csproj", "{FDB36D1A-3A51-460A-9F43-277119757C28}"
EndProject
Project("{FAE04EC0-301F-11D3-BF4B-00C04F79EFBC}") = "Core", "Core\Core.csproj", "{20DAF753-67AF-424D-9FCE-DF967891A5B9}"
EndProject
Project("{FAE04EC0-301F-11D3-BF4B-00C04F79EFBC}") = "Infrastructure", "Infrastructure\Infrastructure.csproj", "{4F574FDE-CACF-4BA8-9AF3-669E3215D08F}"
EndProject
Global
	GlobalSection(SolutionConfigurationPlatforms) = preSolution
		Debug|Any CPU = Debug|Any CPU
		Release|Any CPU = Release|Any CPU
	EndGlobalSection
	GlobalSection(SolutionProperties) = preSolution
		HideSolutionNode = FALSE
	EndGlobalSection
	GlobalSection(ProjectConfigurationPlatforms) = postSolution
		{FDB36D1A-3A51-460A-9F43-277119757C28}.Debug|Any CPU.ActiveCfg = Debug|Any CPU
		{FDB36D1A-3A51-460A-9F43-277119757C28}.Debug|Any CPU.Build.0 = Debug|Any CPU
		{FDB36D1A-3A51-460A-9F43-277119757C28}.Release|Any CPU.ActiveCfg = Release|Any CPU
		{FDB36D1A-3A51-460A-9F43-277119757C28}.Release|Any CPU.Build.0 = Release|Any CPU
		{20DAF753-67AF-424D-9FCE-DF967891A5B9}.Debug|Any CPU.ActiveCfg = Debug|Any CPU
		{20DAF753-67AF-424D-9FCE-DF967891A5B9}.Debug|Any CPU.Build.0 = Debug|Any CPU
		{20DAF753-67AF-424D-9FCE-DF967891A5B9}.Release|Any CPU.ActiveCfg = Release|Any CPU
		{20DAF753-67AF-424D-9FCE-DF967891A5B9}.Release|Any CPU.Build.0 = Release|Any CPU
		{4F574FDE-CACF-4BA8-9AF3-669E3215D08F}.Debug|Any CPU.ActiveCfg = Debug|Any CPU
		{4F574FDE-CACF-4BA8-9AF3-669E3215D08F}.Debug|Any CPU.Build.0 = Debug|Any CPU
		{4F574FDE-CACF-4BA8-9AF3-669E3215D08F}.Release|Any CPU.ActiveCfg = Release|Any CPU
		{4F574FDE-CACF-4BA8-9AF3-669E3215D08F}.Release|Any CPU.Build.0 = Release|Any CPU
	EndGlobalSection
EndGlobal
